
Microsoft Visual Studio Solution File, Format Version 12.00
# Visual Studio Version 16
VisualStudioVersion = 16.0.29613.14
MinimumVisualStudioVersion = 10.0.40219.1
Project("{FAE04EC0-301F-11D3-BF4B-00C04F79EFBC}") = "Edit Host", "Edit Host\Edit Host.csproj", "{093C39B5-8933-4225-94CE-19F6F5ADF8EB}"
EndProject
Global
	GlobalSection(SolutionConfigurationPlatforms) = preSolution
		Debug|Any CPU = Debug|Any CPU
		Release|Any CPU = Release|Any CPU
	EndGlobalSection
	GlobalSection(ProjectConfigurationPlatforms) = postSolution
		{093C39B5-8933-4225-94CE-19F6F5ADF8EB}.Debug|Any CPU.ActiveCfg = Debug|Any CPU
		{093C39B5-8933-4225-94CE-19F6F5ADF8EB}.Debug|Any CPU.Build.0 = Debug|Any CPU
		{093C39B5-8933-4225-94CE-19F6F5ADF8EB}.Release|Any CPU.ActiveCfg = Release|Any CPU
		{093C39B5-8933-4225-94CE-19F6F5ADF8EB}.Release|Any CPU.Build.0 = Release|Any CPU
	EndGlobalSection
	GlobalSection(SolutionProperties) = preSolution
		HideSolutionNode = FALSE
	EndGlobalSection
	GlobalSection(ExtensibilityGlobals) = postSolution
		SolutionGuid = {6CC3CEF8-579F-46A4-8F78-B809870617E7}
	EndGlobalSection
EndGlobal
